
Microsoft Visual Studio Solution File, Format Version 12.00
# Visual Studio 14
VisualStudioVersion = 14.0.25420.1
MinimumVisualStudioVersion = 10.0.40219.1
Project("{FAE04EC0-301F-11D3-BF4B-00C04F79EFBC}") = "USRv2", "USRv2\USRv2.csproj", "{77437255-FB82-4C78-BE00-F215F85AC60E}"
EndProject
Global
	GlobalSection(SolutionConfigurationPlatforms) = preSolution
		Debug|Any CPU = Debug|Any CPU
		Release|Any CPU = Release|Any CPU
	EndGlobalSection
	GlobalSection(ProjectConfigurationPlatforms) = postSolution
		{77437255-FB82-4C78-BE00-F215F85AC60E}.Debug|Any CPU.ActiveCfg = Debug|Any CPU
		{77437255-FB82-4C78-BE00-F215F85AC60E}.Debug|Any CPU.Build.0 = Debug|Any CPU
		{77437255-FB82-4C78-BE00-F215F85AC60E}.Release|Any CPU.ActiveCfg = Release|Any CPU
		{77437255-FB82-4C78-BE00-F215F85AC60E}.Release|Any CPU.Build.0 = Release|Any CPU
	EndGlobalSection
	GlobalSection(SolutionProperties) = preSolution
		HideSolutionNode = FALSE
	EndGlobalSection
EndGlobal
